
Microsoft Visual Studio Solution File, Format Version 12.00
# Visual Studio Version 17
VisualStudioVersion = 17.0.31912.275
MinimumVisualStudioVersion = 10.0.40219.1
Project("{2150E333-8FDC-42A3-9474-1A3956D46DE8}") = "veldrid", "veldrid", "{F356CD6F-3A2A-4719-BF76-CA3B73BE7E37}"
EndProject
Project("{9A19103F-16F7-4668-BE54-9A1E7A4F7556}") = "Veldrid", "submodules\veldrid\src\Veldrid\Veldrid.csproj", "{8163AD33-7327-43F5-9258-191A3C811575}"
EndProject
Project("{9A19103F-16F7-4668-BE54-9A1E7A4F7556}") = "Veldrid.Utilities", "submodules\veldrid\src\Veldrid.Utilities\Veldrid.Utilities.csproj", "{A9ADE311-FBA0-418D-BC94-2A48F934B370}"
EndProject
Project("{9A19103F-16F7-4668-BE54-9A1E7A4F7556}") = "Veldrid.StartupUtilities", "submodules\veldrid\src\Veldrid.StartupUtilities\Veldrid.StartupUtilities.csproj", "{6D50769F-1E37-40F0-A2E6-9085633FC2B7}"
EndProject
Project("{9A19103F-16F7-4668-BE54-9A1E7A4F7556}") = "Veldrid.SPIRV", "submodules\veldrid\modules\veldrid-spirv\src\Veldrid.SPIRV\Veldrid.SPIRV.csproj", "{1AEF9621-C592-4676-BC84-B7F9A1E17EAE}"
EndProject
Project("{9A19103F-16F7-4668-BE54-9A1E7A4F7556}") = "Veldrid.ImGui", "submodules\veldrid\src\Veldrid.ImGui\Veldrid.ImGui.csproj", "{B22FE439-113F-4D93-A4B4-E6D1AAED2267}"
EndProject
Project("{9A19103F-16F7-4668-BE54-9A1E7A4F7556}") = "Veldrid.RenderDoc", "submodules\veldrid\src\Veldrid.RenderDoc\Veldrid.RenderDoc.csproj", "{4DC4BDF0-CC66-41B7-8BFA-5F6F9FA509A5}"
EndProject
Project("{9A19103F-16F7-4668-BE54-9A1E7A4F7556}") = "Veldrid.ImageSharp", "submodules\veldrid\src\Veldrid.ImageSharp\Veldrid.ImageSharp.csproj", "{CBBBA810-8CA1-4B5F-9A32-ABE1838FFFBC}"
EndProject
Project("{9A19103F-16F7-4668-BE54-9A1E7A4F7556}") = "Veldrid.SDL2", "submodules\veldrid\src\Veldrid.SDL2\Veldrid.SDL2.csproj", "{D621EC1D-921E-4C6E-9685-200DFEC989B8}"
EndProject
Project("{9A19103F-16F7-4668-BE54-9A1E7A4F7556}") = "Veldrid.OpenGLBindings", "submodules\veldrid\src\Veldrid.OpenGLBindings\Veldrid.OpenGLBindings.csproj", "{CF35BF21-61FE-4A59-A8BB-C23CC3626E0A}"
EndProject
Project("{9A19103F-16F7-4668-BE54-9A1E7A4F7556}") = "Veldrid.MetalBindings", "submodules\veldrid\src\Veldrid.MetalBindings\Veldrid.MetalBindings.csproj", "{5FA1917C-5E16-4E1C-9913-C140995CF62B}"
EndProject
Project("{9A19103F-16F7-4668-BE54-9A1E7A4F7556}") = "LoudPizza", "submodules\LoudPizza\LoudPizza\LoudPizza.csproj", "{28C7A589-610C-449A-8E2F-2021E2EB9AA5}"
EndProject
Project("{2150E333-8FDC-42A3-9474-1A3956D46DE8}") = "LoudPizza", "LoudPizza", "{32BE5E17-7D7A-410A-A7AE-E258B1949769}"
EndProject
Project("{9A19103F-16F7-4668-BE54-9A1E7A4F7556}") = "LoudPizza.Vorbis", "submodules\LoudPizza\LoudPizza.Vorbis\LoudPizza.Vorbis.csproj", "{C48463F2-FF20-41E2-9FD5-EB4B2D181B12}"
EndProject
Project("{2150E333-8FDC-42A3-9474-1A3956D46DE8}") = "Solution Items", "Solution Items", "{B58B7370-0795-49E5-9949-0E333F0BB642}"
	ProjectSection(SolutionItems) = preProject
		.editorconfig = .editorconfig
		Directory.Build.props = Directory.Build.props
	EndProjectSection
EndProject
Project("{2150E333-8FDC-42A3-9474-1A3956D46DE8}") = "test", "test", "{7E6DA5B2-3FDC-4DF1-B204-616747DC50D4}"
	ProjectSection(SolutionItems) = preProject
		test\Directory.Build.props = test\Directory.Build.props
	EndProjectSection
EndProject
Project("{9A19103F-16F7-4668-BE54-9A1E7A4F7556}") = "VoxelPizza.Analyzers.Test", "test\VoxelPizza.Analyzers.Test\VoxelPizza.Analyzers.Test.csproj", "{999D2C2E-6CC1-4A2D-BC1C-24042101D304}"
EndProject
Project("{2150E333-8FDC-42A3-9474-1A3956D46DE8}") = "src", "src", "{789B1001-F064-4978-BD5D-7C1AAAF0ADEB}"
EndProject
Project("{9A19103F-16F7-4668-BE54-9A1E7A4F7556}") = "VoxelPizza.Analyzers", "src\VoxelPizza.Analyzers\VoxelPizza.Analyzers.csproj", "{F35F873D-C9BD-4177-9865-EA52ECBBEF34}"
EndProject
Project("{9A19103F-16F7-4668-BE54-9A1E7A4F7556}") = "VoxelPizza.Base", "src\VoxelPizza.Base\VoxelPizza.Base.csproj", "{431EE405-3D5C-4222-BB42-C691B7CE615E}"
EndProject
Project("{9A19103F-16F7-4668-BE54-9A1E7A4F7556}") = "VoxelPizza.Client", "src\VoxelPizza.Client\VoxelPizza.Client.csproj", "{D380EA94-6149-44E1-B713-312CAA88A595}"
EndProject
Project("{9A19103F-16F7-4668-BE54-9A1E7A4F7556}") = "VoxelPizza.Collections", "src\VoxelPizza.Collections\VoxelPizza.Collections.csproj", "{D35B19E9-6EAC-42E4-9871-ED753B64A30B}"
EndProject
Project("{9A19103F-16F7-4668-BE54-9A1E7A4F7556}") = "VoxelPizza.Numerics", "src\VoxelPizza.Numerics\VoxelPizza.Numerics.csproj", "{C07FC562-7BDE-42C4-9FD1-C20C7FF752FE}"
EndProject
Project("{9A19103F-16F7-4668-BE54-9A1E7A4F7556}") = "VoxelPizza.Rendering.Voxels", "src\VoxelPizza.Rendering.Voxels\VoxelPizza.Rendering.Voxels.csproj", "{9F062281-ED15-4673-B970-6350C29F0271}"
EndProject
Project("{9A19103F-16F7-4668-BE54-9A1E7A4F7556}") = "VoxelPizza.World", "src\VoxelPizza.World\VoxelPizza.World.csproj", "{CC245437-4125-4A3B-8B05-D7D1BBA2347B}"
EndProject
Project("{9A19103F-16F7-4668-BE54-9A1E7A4F7556}") = "VoxelPizza.World.Test", "test\VoxelPizza.World.Test\VoxelPizza.World.Test.csproj", "{A21850FD-F79A-4542-86B4-69148C1C9B6C}"
EndProject
Project("{2150E333-8FDC-42A3-9474-1A3956D46DE8}") = "submodules", "submodules", "{0857F607-2E72-4481-95F0-E59A2FF3269E}"
EndProject
Project("{9A19103F-16F7-4668-BE54-9A1E7A4F7556}") = "SharpFastNoise2", "submodules\SharpFastNoise2\SharpFastNoise2\SharpFastNoise2.csproj", "{149BB6D0-F06C-4A92-993E-0CF7B926BAE5}"
EndProject
Project("{FAE04EC0-301F-11D3-BF4B-00C04F79EFBC}") = "VoxelPizza.World.Octree.Test", "test\VoxelPizza.World.Octree.Test\VoxelPizza.World.Octree.Test.csproj", "{B42B65CF-9D25-4F32-93A6-65AED444DAB7}"
EndProject
Project("{9A19103F-16F7-4668-BE54-9A1E7A4F7556}") = "VoxelPizza.World.Octree", "src\VoxelPizza.World.Octree\VoxelPizza.World.Octree.csproj", "{124A1346-1B9B-4EE0-B9F1-0B18CB9E77A6}"
EndProject
Global
	GlobalSection(SolutionConfigurationPlatforms) = preSolution
		Debug|Any CPU = Debug|Any CPU
		Release|Any CPU = Release|Any CPU
	EndGlobalSection
	GlobalSection(ProjectConfigurationPlatforms) = postSolution
		{8163AD33-7327-43F5-9258-191A3C811575}.Debug|Any CPU.ActiveCfg = Debug|Any CPU
		{8163AD33-7327-43F5-9258-191A3C811575}.Debug|Any CPU.Build.0 = Debug|Any CPU
		{8163AD33-7327-43F5-9258-191A3C811575}.Release|Any CPU.ActiveCfg = Release|Any CPU
		{8163AD33-7327-43F5-9258-191A3C811575}.Release|Any CPU.Build.0 = Release|Any CPU
		{A9ADE311-FBA0-418D-BC94-2A48F934B370}.Debug|Any CPU.ActiveCfg = Debug|Any CPU
		{A9ADE311-FBA0-418D-BC94-2A48F934B370}.Debug|Any CPU.Build.0 = Debug|Any CPU
		{A9ADE311-FBA0-418D-BC94-2A48F934B370}.Release|Any CPU.ActiveCfg = Release|Any CPU
		{A9ADE311-FBA0-418D-BC94-2A48F934B370}.Release|Any CPU.Build.0 = Release|Any CPU
		{6D50769F-1E37-40F0-A2E6-9085633FC2B7}.Debug|Any CPU.ActiveCfg = Debug|Any CPU
		{6D50769F-1E37-40F0-A2E6-9085633FC2B7}.Debug|Any CPU.Build.0 = Debug|Any CPU
		{6D50769F-1E37-40F0-A2E6-9085633FC2B7}.Release|Any CPU.ActiveCfg = Release|Any CPU
		{6D50769F-1E37-40F0-A2E6-9085633FC2B7}.Release|Any CPU.Build.0 = Release|Any CPU
		{1AEF9621-C592-4676-BC84-B7F9A1E17EAE}.Debug|Any CPU.ActiveCfg = Debug|Any CPU
		{1AEF9621-C592-4676-BC84-B7F9A1E17EAE}.Debug|Any CPU.Build.0 = Debug|Any CPU
		{1AEF9621-C592-4676-BC84-B7F9A1E17EAE}.Release|Any CPU.ActiveCfg = Release|Any CPU
		{1AEF9621-C592-4676-BC84-B7F9A1E17EAE}.Release|Any CPU.Build.0 = Release|Any CPU
		{B22FE439-113F-4D93-A4B4-E6D1AAED2267}.Debug|Any CPU.ActiveCfg = Debug|Any CPU
		{B22FE439-113F-4D93-A4B4-E6D1AAED2267}.Debug|Any CPU.Build.0 = Debug|Any CPU
		{B22FE439-113F-4D93-A4B4-E6D1AAED2267}.Release|Any CPU.ActiveCfg = Release|Any CPU
		{B22FE439-113F-4D93-A4B4-E6D1AAED2267}.Release|Any CPU.Build.0 = Release|Any CPU
		{4DC4BDF0-CC66-41B7-8BFA-5F6F9FA509A5}.Debug|Any CPU.ActiveCfg = Release|Any CPU
		{4DC4BDF0-CC66-41B7-8BFA-5F6F9FA509A5}.Debug|Any CPU.Build.0 = Release|Any CPU
		{4DC4BDF0-CC66-41B7-8BFA-5F6F9FA509A5}.Release|Any CPU.ActiveCfg = Release|Any CPU
		{4DC4BDF0-CC66-41B7-8BFA-5F6F9FA509A5}.Release|Any CPU.Build.0 = Release|Any CPU
		{CBBBA810-8CA1-4B5F-9A32-ABE1838FFFBC}.Debug|Any CPU.ActiveCfg = Debug|Any CPU
		{CBBBA810-8CA1-4B5F-9A32-ABE1838FFFBC}.Debug|Any CPU.Build.0 = Debug|Any CPU
		{CBBBA810-8CA1-4B5F-9A32-ABE1838FFFBC}.Release|Any CPU.ActiveCfg = Release|Any CPU
		{CBBBA810-8CA1-4B5F-9A32-ABE1838FFFBC}.Release|Any CPU.Build.0 = Release|Any CPU
		{D621EC1D-921E-4C6E-9685-200DFEC989B8}.Debug|Any CPU.ActiveCfg = Debug|Any CPU
		{D621EC1D-921E-4C6E-9685-200DFEC989B8}.Debug|Any CPU.Build.0 = Debug|Any CPU
		{D621EC1D-921E-4C6E-9685-200DFEC989B8}.Release|Any CPU.ActiveCfg = Release|Any CPU
		{D621EC1D-921E-4C6E-9685-200DFEC989B8}.Release|Any CPU.Build.0 = Release|Any CPU
		{CF35BF21-61FE-4A59-A8BB-C23CC3626E0A}.Debug|Any CPU.ActiveCfg = Release|Any CPU
		{CF35BF21-61FE-4A59-A8BB-C23CC3626E0A}.Debug|Any CPU.Build.0 = Release|Any CPU
		{CF35BF21-61FE-4A59-A8BB-C23CC3626E0A}.Release|Any CPU.ActiveCfg = Release|Any CPU
		{CF35BF21-61FE-4A59-A8BB-C23CC3626E0A}.Release|Any CPU.Build.0 = Release|Any CPU
		{5FA1917C-5E16-4E1C-9913-C140995CF62B}.Debug|Any CPU.ActiveCfg = Release|Any CPU
		{5FA1917C-5E16-4E1C-9913-C140995CF62B}.Debug|Any CPU.Build.0 = Release|Any CPU
		{5FA1917C-5E16-4E1C-9913-C140995CF62B}.Release|Any CPU.ActiveCfg = Release|Any CPU
		{5FA1917C-5E16-4E1C-9913-C140995CF62B}.Release|Any CPU.Build.0 = Release|Any CPU
		{28C7A589-610C-449A-8E2F-2021E2EB9AA5}.Debug|Any CPU.ActiveCfg = Debug|Any CPU
		{28C7A589-610C-449A-8E2F-2021E2EB9AA5}.Debug|Any CPU.Build.0 = Debug|Any CPU
		{28C7A589-610C-449A-8E2F-2021E2EB9AA5}.Release|Any CPU.ActiveCfg = Release|Any CPU
		{28C7A589-610C-449A-8E2F-2021E2EB9AA5}.Release|Any CPU.Build.0 = Release|Any CPU
		{C48463F2-FF20-41E2-9FD5-EB4B2D181B12}.Debug|Any CPU.ActiveCfg = Debug|Any CPU
		{C48463F2-FF20-41E2-9FD5-EB4B2D181B12}.Debug|Any CPU.Build.0 = Debug|Any CPU
		{C48463F2-FF20-41E2-9FD5-EB4B2D181B12}.Release|Any CPU.ActiveCfg = Release|Any CPU
		{C48463F2-FF20-41E2-9FD5-EB4B2D181B12}.Release|Any CPU.Build.0 = Release|Any CPU
		{999D2C2E-6CC1-4A2D-BC1C-24042101D304}.Debug|Any CPU.ActiveCfg = Debug|Any CPU
		{999D2C2E-6CC1-4A2D-BC1C-24042101D304}.Debug|Any CPU.Build.0 = Debug|Any CPU
		{999D2C2E-6CC1-4A2D-BC1C-24042101D304}.Release|Any CPU.ActiveCfg = Release|Any CPU
		{999D2C2E-6CC1-4A2D-BC1C-24042101D304}.Release|Any CPU.Build.0 = Release|Any CPU
		{F35F873D-C9BD-4177-9865-EA52ECBBEF34}.Debug|Any CPU.ActiveCfg = Debug|Any CPU
		{F35F873D-C9BD-4177-9865-EA52ECBBEF34}.Debug|Any CPU.Build.0 = Debug|Any CPU
		{F35F873D-C9BD-4177-9865-EA52ECBBEF34}.Release|Any CPU.ActiveCfg = Release|Any CPU
		{F35F873D-C9BD-4177-9865-EA52ECBBEF34}.Release|Any CPU.Build.0 = Release|Any CPU
		{431EE405-3D5C-4222-BB42-C691B7CE615E}.Debug|Any CPU.ActiveCfg = Debug|Any CPU
		{431EE405-3D5C-4222-BB42-C691B7CE615E}.Debug|Any CPU.Build.0 = Debug|Any CPU
		{431EE405-3D5C-4222-BB42-C691B7CE615E}.Release|Any CPU.ActiveCfg = Release|Any CPU
		{431EE405-3D5C-4222-BB42-C691B7CE615E}.Release|Any CPU.Build.0 = Release|Any CPU
		{D380EA94-6149-44E1-B713-312CAA88A595}.Debug|Any CPU.ActiveCfg = Debug|Any CPU
		{D380EA94-6149-44E1-B713-312CAA88A595}.Debug|Any CPU.Build.0 = Debug|Any CPU
		{D380EA94-6149-44E1-B713-312CAA88A595}.Release|Any CPU.ActiveCfg = Release|Any CPU
		{D380EA94-6149-44E1-B713-312CAA88A595}.Release|Any CPU.Build.0 = Release|Any CPU
		{D35B19E9-6EAC-42E4-9871-ED753B64A30B}.Debug|Any CPU.ActiveCfg = Debug|Any CPU
		{D35B19E9-6EAC-42E4-9871-ED753B64A30B}.Debug|Any CPU.Build.0 = Debug|Any CPU
		{D35B19E9-6EAC-42E4-9871-ED753B64A30B}.Release|Any CPU.ActiveCfg = Release|Any CPU
		{D35B19E9-6EAC-42E4-9871-ED753B64A30B}.Release|Any CPU.Build.0 = Release|Any CPU
		{C07FC562-7BDE-42C4-9FD1-C20C7FF752FE}.Debug|Any CPU.ActiveCfg = Debug|Any CPU
		{C07FC562-7BDE-42C4-9FD1-C20C7FF752FE}.Debug|Any CPU.Build.0 = Debug|Any CPU
		{C07FC562-7BDE-42C4-9FD1-C20C7FF752FE}.Release|Any CPU.ActiveCfg = Release|Any CPU
		{C07FC562-7BDE-42C4-9FD1-C20C7FF752FE}.Release|Any CPU.Build.0 = Release|Any CPU
		{9F062281-ED15-4673-B970-6350C29F0271}.Debug|Any CPU.ActiveCfg = Debug|Any CPU
		{9F062281-ED15-4673-B970-6350C29F0271}.Debug|Any CPU.Build.0 = Debug|Any CPU
		{9F062281-ED15-4673-B970-6350C29F0271}.Release|Any CPU.ActiveCfg = Release|Any CPU
		{9F062281-ED15-4673-B970-6350C29F0271}.Release|Any CPU.Build.0 = Release|Any CPU
		{CC245437-4125-4A3B-8B05-D7D1BBA2347B}.Debug|Any CPU.ActiveCfg = Debug|Any CPU
		{CC245437-4125-4A3B-8B05-D7D1BBA2347B}.Debug|Any CPU.Build.0 = Debug|Any CPU
		{CC245437-4125-4A3B-8B05-D7D1BBA2347B}.Release|Any CPU.ActiveCfg = Release|Any CPU
		{CC245437-4125-4A3B-8B05-D7D1BBA2347B}.Release|Any CPU.Build.0 = Release|Any CPU
		{A21850FD-F79A-4542-86B4-69148C1C9B6C}.Debug|Any CPU.ActiveCfg = Debug|Any CPU
		{A21850FD-F79A-4542-86B4-69148C1C9B6C}.Debug|Any CPU.Build.0 = Debug|Any CPU
		{A21850FD-F79A-4542-86B4-69148C1C9B6C}.Release|Any CPU.ActiveCfg = Release|Any CPU
		{A21850FD-F79A-4542-86B4-69148C1C9B6C}.Release|Any CPU.Build.0 = Release|Any CPU
		{149BB6D0-F06C-4A92-993E-0CF7B926BAE5}.Debug|Any CPU.ActiveCfg = Release|Any CPU
		{149BB6D0-F06C-4A92-993E-0CF7B926BAE5}.Debug|Any CPU.Build.0 = Release|Any CPU
		{149BB6D0-F06C-4A92-993E-0CF7B926BAE5}.Release|Any CPU.ActiveCfg = Release|Any CPU
		{149BB6D0-F06C-4A92-993E-0CF7B926BAE5}.Release|Any CPU.Build.0 = Release|Any CPU
		{B42B65CF-9D25-4F32-93A6-65AED444DAB7}.Debug|Any CPU.ActiveCfg = Debug|Any CPU
		{B42B65CF-9D25-4F32-93A6-65AED444DAB7}.Debug|Any CPU.Build.0 = Debug|Any CPU
		{B42B65CF-9D25-4F32-93A6-65AED444DAB7}.Release|Any CPU.ActiveCfg = Release|Any CPU
		{B42B65CF-9D25-4F32-93A6-65AED444DAB7}.Release|Any CPU.Build.0 = Release|Any CPU
		{124A1346-1B9B-4EE0-B9F1-0B18CB9E77A6}.Debug|Any CPU.ActiveCfg = Debug|Any CPU
		{124A1346-1B9B-4EE0-B9F1-0B18CB9E77A6}.Debug|Any CPU.Build.0 = Debug|Any CPU
		{124A1346-1B9B-4EE0-B9F1-0B18CB9E77A6}.Release|Any CPU.ActiveCfg = Release|Any CPU
		{124A1346-1B9B-4EE0-B9F1-0B18CB9E77A6}.Release|Any CPU.Build.0 = Release|Any CPU
	EndGlobalSection
	GlobalSection(SolutionProperties) = preSolution
		HideSolutionNode = FALSE
	EndGlobalSection
	GlobalSection(NestedProjects) = preSolution
		{F356CD6F-3A2A-4719-BF76-CA3B73BE7E37} = {0857F607-2E72-4481-95F0-E59A2FF3269E}
		{8163AD33-7327-43F5-9258-191A3C811575} = {F356CD6F-3A2A-4719-BF76-CA3B73BE7E37}
		{A9ADE311-FBA0-418D-BC94-2A48F934B370} = {F356CD6F-3A2A-4719-BF76-CA3B73BE7E37}
		{6D50769F-1E37-40F0-A2E6-9085633FC2B7} = {F356CD6F-3A2A-4719-BF76-CA3B73BE7E37}
		{1AEF9621-C592-4676-BC84-B7F9A1E17EAE} = {F356CD6F-3A2A-4719-BF76-CA3B73BE7E37}
		{B22FE439-113F-4D93-A4B4-E6D1AAED2267} = {F356CD6F-3A2A-4719-BF76-CA3B73BE7E37}
		{4DC4BDF0-CC66-41B7-8BFA-5F6F9FA509A5} = {F356CD6F-3A2A-4719-BF76-CA3B73BE7E37}
		{CBBBA810-8CA1-4B5F-9A32-ABE1838FFFBC} = {F356CD6F-3A2A-4719-BF76-CA3B73BE7E37}
		{D621EC1D-921E-4C6E-9685-200DFEC989B8} = {F356CD6F-3A2A-4719-BF76-CA3B73BE7E37}
		{CF35BF21-61FE-4A59-A8BB-C23CC3626E0A} = {F356CD6F-3A2A-4719-BF76-CA3B73BE7E37}
		{5FA1917C-5E16-4E1C-9913-C140995CF62B} = {F356CD6F-3A2A-4719-BF76-CA3B73BE7E37}
		{28C7A589-610C-449A-8E2F-2021E2EB9AA5} = {32BE5E17-7D7A-410A-A7AE-E258B1949769}
		{32BE5E17-7D7A-410A-A7AE-E258B1949769} = {0857F607-2E72-4481-95F0-E59A2FF3269E}
		{C48463F2-FF20-41E2-9FD5-EB4B2D181B12} = {32BE5E17-7D7A-410A-A7AE-E258B1949769}
		{999D2C2E-6CC1-4A2D-BC1C-24042101D304} = {7E6DA5B2-3FDC-4DF1-B204-616747DC50D4}
		{F35F873D-C9BD-4177-9865-EA52ECBBEF34} = {789B1001-F064-4978-BD5D-7C1AAAF0ADEB}
		{431EE405-3D5C-4222-BB42-C691B7CE615E} = {789B1001-F064-4978-BD5D-7C1AAAF0ADEB}
		{D380EA94-6149-44E1-B713-312CAA88A595} = {789B1001-F064-4978-BD5D-7C1AAAF0ADEB}
		{D35B19E9-6EAC-42E4-9871-ED753B64A30B} = {789B1001-F064-4978-BD5D-7C1AAAF0ADEB}
		{C07FC562-7BDE-42C4-9FD1-C20C7FF752FE} = {789B1001-F064-4978-BD5D-7C1AAAF0ADEB}
		{9F062281-ED15-4673-B970-6350C29F0271} = {789B1001-F064-4978-BD5D-7C1AAAF0ADEB}
		{CC245437-4125-4A3B-8B05-D7D1BBA2347B} = {789B1001-F064-4978-BD5D-7C1AAAF0ADEB}
		{A21850FD-F79A-4542-86B4-69148C1C9B6C} = {7E6DA5B2-3FDC-4DF1-B204-616747DC50D4}
		{149BB6D0-F06C-4A92-993E-0CF7B926BAE5} = {0857F607-2E72-4481-95F0-E59A2FF3269E}
		{B42B65CF-9D25-4F32-93A6-65AED444DAB7} = {7E6DA5B2-3FDC-4DF1-B204-616747DC50D4}
		{124A1346-1B9B-4EE0-B9F1-0B18CB9E77A6} = {789B1001-F064-4978-BD5D-7C1AAAF0ADEB}
	EndGlobalSection
	GlobalSection(ExtensibilityGlobals) = postSolution
		SolutionGuid = {1B0DC0DC-14D7-4206-8728-62E24FA288B0}
	EndGlobalSection
EndGlobal
