
Microsoft Visual Studio Solution File, Format Version 12.00
# Visual Studio Version 17
VisualStudioVersion = 17.0.31912.275
MinimumVisualStudioVersion = 10.0.40219.1
Project("{9A19103F-16F7-4668-BE54-9A1E7A4F7556}") = "VoxelPizza.Client", "VoxelPizza.Client\VoxelPizza.Client.csproj", "{92C5C61C-5D81-492D-8AE2-E056AC6E712D}"
EndProject
Project("{9A19103F-16F7-4668-BE54-9A1E7A4F7556}") = "VoxelPizza.Base", "VoxelPizza.Base\VoxelPizza.Base.csproj", "{134157D3-E48F-4151-9A8E-E9747736BA9C}"
EndProject
Project("{9A19103F-16F7-4668-BE54-9A1E7A4F7556}") = "Veldrid", "veldrid\src\Veldrid\Veldrid.csproj", "{7486C11F-9707-434C-A973-73B79BACA2E1}"
EndProject
Project("{9A19103F-16F7-4668-BE54-9A1E7A4F7556}") = "Veldrid.Utilities", "veldrid\src\Veldrid.Utilities\Veldrid.Utilities.csproj", "{A9ADE311-FBA0-418D-BC94-2A48F934B370}"
EndProject
Project("{9A19103F-16F7-4668-BE54-9A1E7A4F7556}") = "Veldrid.StartupUtilities", "veldrid\src\Veldrid.StartupUtilities\Veldrid.StartupUtilities.csproj", "{6D50769F-1E37-40F0-A2E6-9085633FC2B7}"
EndProject
Project("{9A19103F-16F7-4668-BE54-9A1E7A4F7556}") = "Veldrid.SPIRV", "veldrid\modules\veldrid-spirv\src\Veldrid.SPIRV\Veldrid.SPIRV.csproj", "{1AEF9621-C592-4676-BC84-B7F9A1E17EAE}"
EndProject
Project("{9A19103F-16F7-4668-BE54-9A1E7A4F7556}") = "Veldrid.ImGui", "veldrid\src\Veldrid.ImGui\Veldrid.ImGui.csproj", "{3201A02A-C918-4B4A-ACA6-82BFD786D7CC}"
EndProject
Project("{9A19103F-16F7-4668-BE54-9A1E7A4F7556}") = "Veldrid.RenderDoc", "veldrid\src\Veldrid.RenderDoc\Veldrid.RenderDoc.csproj", "{4DC4BDF0-CC66-41B7-8BFA-5F6F9FA509A5}"
EndProject
Project("{9A19103F-16F7-4668-BE54-9A1E7A4F7556}") = "Veldrid.ImageSharp", "veldrid\src\Veldrid.ImageSharp\Veldrid.ImageSharp.csproj", "{C0FC2D62-BF2E-4209-8C04-C1C193C81524}"
EndProject
Project("{9A19103F-16F7-4668-BE54-9A1E7A4F7556}") = "Veldrid.SDL2", "veldrid\src\Veldrid.SDL2\Veldrid.SDL2.csproj", "{D621EC1D-921E-4C6E-9685-200DFEC989B8}"
EndProject
Project("{9A19103F-16F7-4668-BE54-9A1E7A4F7556}") = "Veldrid.OpenGLBindings", "veldrid\src\Veldrid.OpenGLBindings\Veldrid.OpenGLBindings.csproj", "{CF35BF21-61FE-4A59-A8BB-C23CC3626E0A}"
EndProject
Project("{9A19103F-16F7-4668-BE54-9A1E7A4F7556}") = "Veldrid.MetalBindings", "veldrid\src\Veldrid.MetalBindings\Veldrid.MetalBindings.csproj", "{5FA1917C-5E16-4E1C-9913-C140995CF62B}"
EndProject
Project("{9A19103F-16F7-4668-BE54-9A1E7A4F7556}") = "LoudPizza", "LoudPizza\LoudPizza\LoudPizza.csproj", "{249E020A-1E86-4A08-84C9-31309CC795B2}"
EndProject
Project("{2150E333-8FDC-42A3-9474-1A3956D46DE8}") = "Solution Items", "Solution Items", "{B58B7370-0795-49E5-9949-0E333F0BB642}"
	ProjectSection(SolutionItems) = preProject
		.editorconfig = .editorconfig
		Directory.Build.props = Directory.Build.props
	EndProjectSection
EndProject
Project("{2150E333-8FDC-42A3-9474-1A3956D46DE8}") = "Veldrid Items", "Veldrid Items", "{1069F88C-49D1-42FB-889E-B97829E8B997}"
EndProject
Project("{2150E333-8FDC-42A3-9474-1A3956D46DE8}") = "LoudPizza Items", "LoudPizza Items", "{568A945A-333E-49A1-BC7D-D54C7F3E1F32}"
EndProject
Project("{9A19103F-16F7-4668-BE54-9A1E7A4F7556}") = "VoxelPizza.Collections", "VoxelPizza.Collections\VoxelPizza.Collections.csproj", "{1790BBA4-256C-4987-9AF4-C3687013C4CC}"
EndProject
Project("{9A19103F-16F7-4668-BE54-9A1E7A4F7556}") = "VoxelPizza.Rendering.Voxels", "VoxelPizza.Rendering.Voxels\VoxelPizza.Rendering.Voxels.csproj", "{721DCD1C-46AD-4B0A-8ACA-523609D462DE}"
EndProject
Project("{9A19103F-16F7-4668-BE54-9A1E7A4F7556}") = "VoxelPizza.World", "VoxelPizza.World\VoxelPizza.World.csproj", "{E4488696-CA3A-466A-916C-26BF9FCCE195}"
EndProject
Project("{9A19103F-16F7-4668-BE54-9A1E7A4F7556}") = "VoxelPizza.Numerics", "VoxelPizza.Numerics\VoxelPizza.Numerics.csproj", "{F49E7D75-A21B-48B9-9E80-974EE912E574}"
EndProject
Project("{9A19103F-16F7-4668-BE54-9A1E7A4F7556}") = "LoudPizza.Vorbis", "LoudPizza\LoudPizza.Vorbis\LoudPizza.Vorbis.csproj", "{F7B4DBF8-2D9A-417E-B4B0-87038569BCA5}"
EndProject
Global
	GlobalSection(SolutionConfigurationPlatforms) = preSolution
		Debug|Any CPU = Debug|Any CPU
		Release|Any CPU = Release|Any CPU
	EndGlobalSection
	GlobalSection(ProjectConfigurationPlatforms) = postSolution
		{92C5C61C-5D81-492D-8AE2-E056AC6E712D}.Debug|Any CPU.ActiveCfg = Debug|Any CPU
		{92C5C61C-5D81-492D-8AE2-E056AC6E712D}.Debug|Any CPU.Build.0 = Debug|Any CPU
		{92C5C61C-5D81-492D-8AE2-E056AC6E712D}.Release|Any CPU.ActiveCfg = Release|Any CPU
		{92C5C61C-5D81-492D-8AE2-E056AC6E712D}.Release|Any CPU.Build.0 = Release|Any CPU
		{134157D3-E48F-4151-9A8E-E9747736BA9C}.Debug|Any CPU.ActiveCfg = Release|Any CPU
		{134157D3-E48F-4151-9A8E-E9747736BA9C}.Debug|Any CPU.Build.0 = Release|Any CPU
		{134157D3-E48F-4151-9A8E-E9747736BA9C}.Release|Any CPU.ActiveCfg = Release|Any CPU
		{134157D3-E48F-4151-9A8E-E9747736BA9C}.Release|Any CPU.Build.0 = Release|Any CPU
		{7486C11F-9707-434C-A973-73B79BACA2E1}.Debug|Any CPU.ActiveCfg = Debug|Any CPU
		{7486C11F-9707-434C-A973-73B79BACA2E1}.Debug|Any CPU.Build.0 = Debug|Any CPU
		{7486C11F-9707-434C-A973-73B79BACA2E1}.Release|Any CPU.ActiveCfg = Release|Any CPU
		{7486C11F-9707-434C-A973-73B79BACA2E1}.Release|Any CPU.Build.0 = Release|Any CPU
		{A9ADE311-FBA0-418D-BC94-2A48F934B370}.Debug|Any CPU.ActiveCfg = Debug|Any CPU
		{A9ADE311-FBA0-418D-BC94-2A48F934B370}.Debug|Any CPU.Build.0 = Debug|Any CPU
		{A9ADE311-FBA0-418D-BC94-2A48F934B370}.Release|Any CPU.ActiveCfg = Release|Any CPU
		{A9ADE311-FBA0-418D-BC94-2A48F934B370}.Release|Any CPU.Build.0 = Release|Any CPU
		{6D50769F-1E37-40F0-A2E6-9085633FC2B7}.Debug|Any CPU.ActiveCfg = Debug|Any CPU
		{6D50769F-1E37-40F0-A2E6-9085633FC2B7}.Debug|Any CPU.Build.0 = Debug|Any CPU
		{6D50769F-1E37-40F0-A2E6-9085633FC2B7}.Release|Any CPU.ActiveCfg = Release|Any CPU
		{6D50769F-1E37-40F0-A2E6-9085633FC2B7}.Release|Any CPU.Build.0 = Release|Any CPU
		{1AEF9621-C592-4676-BC84-B7F9A1E17EAE}.Debug|Any CPU.ActiveCfg = Debug|Any CPU
		{1AEF9621-C592-4676-BC84-B7F9A1E17EAE}.Debug|Any CPU.Build.0 = Debug|Any CPU
		{1AEF9621-C592-4676-BC84-B7F9A1E17EAE}.Release|Any CPU.ActiveCfg = Release|Any CPU
		{1AEF9621-C592-4676-BC84-B7F9A1E17EAE}.Release|Any CPU.Build.0 = Release|Any CPU
		{3201A02A-C918-4B4A-ACA6-82BFD786D7CC}.Debug|Any CPU.ActiveCfg = Debug|Any CPU
		{3201A02A-C918-4B4A-ACA6-82BFD786D7CC}.Debug|Any CPU.Build.0 = Debug|Any CPU
		{3201A02A-C918-4B4A-ACA6-82BFD786D7CC}.Release|Any CPU.ActiveCfg = Release|Any CPU
		{3201A02A-C918-4B4A-ACA6-82BFD786D7CC}.Release|Any CPU.Build.0 = Release|Any CPU
		{4DC4BDF0-CC66-41B7-8BFA-5F6F9FA509A5}.Debug|Any CPU.ActiveCfg = Release|Any CPU
		{4DC4BDF0-CC66-41B7-8BFA-5F6F9FA509A5}.Debug|Any CPU.Build.0 = Release|Any CPU
		{4DC4BDF0-CC66-41B7-8BFA-5F6F9FA509A5}.Release|Any CPU.ActiveCfg = Release|Any CPU
		{4DC4BDF0-CC66-41B7-8BFA-5F6F9FA509A5}.Release|Any CPU.Build.0 = Release|Any CPU
		{C0FC2D62-BF2E-4209-8C04-C1C193C81524}.Debug|Any CPU.ActiveCfg = Release|Any CPU
		{C0FC2D62-BF2E-4209-8C04-C1C193C81524}.Debug|Any CPU.Build.0 = Release|Any CPU
		{C0FC2D62-BF2E-4209-8C04-C1C193C81524}.Release|Any CPU.ActiveCfg = Release|Any CPU
		{C0FC2D62-BF2E-4209-8C04-C1C193C81524}.Release|Any CPU.Build.0 = Release|Any CPU
		{D621EC1D-921E-4C6E-9685-200DFEC989B8}.Debug|Any CPU.ActiveCfg = Debug|Any CPU
		{D621EC1D-921E-4C6E-9685-200DFEC989B8}.Debug|Any CPU.Build.0 = Debug|Any CPU
		{D621EC1D-921E-4C6E-9685-200DFEC989B8}.Release|Any CPU.ActiveCfg = Release|Any CPU
		{D621EC1D-921E-4C6E-9685-200DFEC989B8}.Release|Any CPU.Build.0 = Release|Any CPU
		{CF35BF21-61FE-4A59-A8BB-C23CC3626E0A}.Debug|Any CPU.ActiveCfg = Release|Any CPU
		{CF35BF21-61FE-4A59-A8BB-C23CC3626E0A}.Debug|Any CPU.Build.0 = Release|Any CPU
		{CF35BF21-61FE-4A59-A8BB-C23CC3626E0A}.Release|Any CPU.ActiveCfg = Release|Any CPU
		{CF35BF21-61FE-4A59-A8BB-C23CC3626E0A}.Release|Any CPU.Build.0 = Release|Any CPU
		{5FA1917C-5E16-4E1C-9913-C140995CF62B}.Debug|Any CPU.ActiveCfg = Release|Any CPU
		{5FA1917C-5E16-4E1C-9913-C140995CF62B}.Debug|Any CPU.Build.0 = Release|Any CPU
		{5FA1917C-5E16-4E1C-9913-C140995CF62B}.Release|Any CPU.ActiveCfg = Release|Any CPU
		{5FA1917C-5E16-4E1C-9913-C140995CF62B}.Release|Any CPU.Build.0 = Release|Any CPU
		{249E020A-1E86-4A08-84C9-31309CC795B2}.Debug|Any CPU.ActiveCfg = Release|Any CPU
		{249E020A-1E86-4A08-84C9-31309CC795B2}.Debug|Any CPU.Build.0 = Release|Any CPU
		{249E020A-1E86-4A08-84C9-31309CC795B2}.Release|Any CPU.ActiveCfg = Release|Any CPU
		{249E020A-1E86-4A08-84C9-31309CC795B2}.Release|Any CPU.Build.0 = Release|Any CPU
		{1790BBA4-256C-4987-9AF4-C3687013C4CC}.Debug|Any CPU.ActiveCfg = Release|Any CPU
		{1790BBA4-256C-4987-9AF4-C3687013C4CC}.Debug|Any CPU.Build.0 = Release|Any CPU
		{1790BBA4-256C-4987-9AF4-C3687013C4CC}.Release|Any CPU.ActiveCfg = Release|Any CPU
		{1790BBA4-256C-4987-9AF4-C3687013C4CC}.Release|Any CPU.Build.0 = Release|Any CPU
		{721DCD1C-46AD-4B0A-8ACA-523609D462DE}.Debug|Any CPU.ActiveCfg = Release|Any CPU
		{721DCD1C-46AD-4B0A-8ACA-523609D462DE}.Debug|Any CPU.Build.0 = Release|Any CPU
		{721DCD1C-46AD-4B0A-8ACA-523609D462DE}.Release|Any CPU.ActiveCfg = Release|Any CPU
		{721DCD1C-46AD-4B0A-8ACA-523609D462DE}.Release|Any CPU.Build.0 = Release|Any CPU
		{E4488696-CA3A-466A-916C-26BF9FCCE195}.Debug|Any CPU.ActiveCfg = Release|Any CPU
		{E4488696-CA3A-466A-916C-26BF9FCCE195}.Debug|Any CPU.Build.0 = Release|Any CPU
		{E4488696-CA3A-466A-916C-26BF9FCCE195}.Release|Any CPU.ActiveCfg = Release|Any CPU
		{E4488696-CA3A-466A-916C-26BF9FCCE195}.Release|Any CPU.Build.0 = Release|Any CPU
		{F49E7D75-A21B-48B9-9E80-974EE912E574}.Debug|Any CPU.ActiveCfg = Release|Any CPU
		{F49E7D75-A21B-48B9-9E80-974EE912E574}.Debug|Any CPU.Build.0 = Release|Any CPU
		{F49E7D75-A21B-48B9-9E80-974EE912E574}.Release|Any CPU.ActiveCfg = Release|Any CPU
		{F49E7D75-A21B-48B9-9E80-974EE912E574}.Release|Any CPU.Build.0 = Release|Any CPU
		{F7B4DBF8-2D9A-417E-B4B0-87038569BCA5}.Debug|Any CPU.ActiveCfg = Release|Any CPU
		{F7B4DBF8-2D9A-417E-B4B0-87038569BCA5}.Debug|Any CPU.Build.0 = Release|Any CPU
		{F7B4DBF8-2D9A-417E-B4B0-87038569BCA5}.Release|Any CPU.ActiveCfg = Release|Any CPU
		{F7B4DBF8-2D9A-417E-B4B0-87038569BCA5}.Release|Any CPU.Build.0 = Release|Any CPU
	EndGlobalSection
	GlobalSection(SolutionProperties) = preSolution
		HideSolutionNode = FALSE
	EndGlobalSection
	GlobalSection(NestedProjects) = preSolution
		{7486C11F-9707-434C-A973-73B79BACA2E1} = {1069F88C-49D1-42FB-889E-B97829E8B997}
		{A9ADE311-FBA0-418D-BC94-2A48F934B370} = {1069F88C-49D1-42FB-889E-B97829E8B997}
		{6D50769F-1E37-40F0-A2E6-9085633FC2B7} = {1069F88C-49D1-42FB-889E-B97829E8B997}
		{1AEF9621-C592-4676-BC84-B7F9A1E17EAE} = {1069F88C-49D1-42FB-889E-B97829E8B997}
		{3201A02A-C918-4B4A-ACA6-82BFD786D7CC} = {1069F88C-49D1-42FB-889E-B97829E8B997}
		{4DC4BDF0-CC66-41B7-8BFA-5F6F9FA509A5} = {1069F88C-49D1-42FB-889E-B97829E8B997}
		{C0FC2D62-BF2E-4209-8C04-C1C193C81524} = {1069F88C-49D1-42FB-889E-B97829E8B997}
		{D621EC1D-921E-4C6E-9685-200DFEC989B8} = {1069F88C-49D1-42FB-889E-B97829E8B997}
		{CF35BF21-61FE-4A59-A8BB-C23CC3626E0A} = {1069F88C-49D1-42FB-889E-B97829E8B997}
		{5FA1917C-5E16-4E1C-9913-C140995CF62B} = {1069F88C-49D1-42FB-889E-B97829E8B997}
		{249E020A-1E86-4A08-84C9-31309CC795B2} = {568A945A-333E-49A1-BC7D-D54C7F3E1F32}
		{F7B4DBF8-2D9A-417E-B4B0-87038569BCA5} = {568A945A-333E-49A1-BC7D-D54C7F3E1F32}
	EndGlobalSection
	GlobalSection(ExtensibilityGlobals) = postSolution
		SolutionGuid = {1B0DC0DC-14D7-4206-8728-62E24FA288B0}
	EndGlobalSection
EndGlobal
